
Microsoft Visual Studio Solution File, Format Version 12.00
# Visual Studio Version 16
VisualStudioVersion = 16.0.29519.87
MinimumVisualStudioVersion = 10.0.40219.1
Project("{FAE04EC0-301F-11D3-BF4B-00C04F79EFBC}") = "GitHubPresentation1", "GitHubPresentation1\GitHubPresentation1.csproj", "{6917E219-ABD9-45F7-B359-E1B73DF5FD2E}"
EndProject
Global
	GlobalSection(SolutionConfigurationPlatforms) = preSolution
		Debug|Any CPU = Debug|Any CPU
		Release|Any CPU = Release|Any CPU
	EndGlobalSection
	GlobalSection(ProjectConfigurationPlatforms) = postSolution
		{6917E219-ABD9-45F7-B359-E1B73DF5FD2E}.Debug|Any CPU.ActiveCfg = Debug|Any CPU
		{6917E219-ABD9-45F7-B359-E1B73DF5FD2E}.Debug|Any CPU.Build.0 = Debug|Any CPU
		{6917E219-ABD9-45F7-B359-E1B73DF5FD2E}.Release|Any CPU.ActiveCfg = Release|Any CPU
		{6917E219-ABD9-45F7-B359-E1B73DF5FD2E}.Release|Any CPU.Build.0 = Release|Any CPU
	EndGlobalSection
	GlobalSection(SolutionProperties) = preSolution
		HideSolutionNode = FALSE
	EndGlobalSection
	GlobalSection(ExtensibilityGlobals) = postSolution
		SolutionGuid = {1058438D-147E-4973-908F-83A4F681C9CA}
	EndGlobalSection
EndGlobal
